
Microsoft Visual Studio Solution File, Format Version 12.00
# Visual Studio Version 17
VisualStudioVersion = 17.11.35327.3
MinimumVisualStudioVersion = 10.0.40219.1
Project("{FAE04EC0-301F-11D3-BF4B-00C04F79EFBC}") = "Milliomos", "Milliomos\Milliomos.csproj", "{CEA4A428-3BB1-48FB-AA69-019FAF60B045}"
EndProject
Global
	GlobalSection(SolutionConfigurationPlatforms) = preSolution
		Debug|Any CPU = Debug|Any CPU
		Release|Any CPU = Release|Any CPU
	EndGlobalSection
	GlobalSection(ProjectConfigurationPlatforms) = postSolution
		{CEA4A428-3BB1-48FB-AA69-019FAF60B045}.Debug|Any CPU.ActiveCfg = Debug|Any CPU
		{CEA4A428-3BB1-48FB-AA69-019FAF60B045}.Debug|Any CPU.Build.0 = Debug|Any CPU
		{CEA4A428-3BB1-48FB-AA69-019FAF60B045}.Release|Any CPU.ActiveCfg = Release|Any CPU
		{CEA4A428-3BB1-48FB-AA69-019FAF60B045}.Release|Any CPU.Build.0 = Release|Any CPU
	EndGlobalSection
	GlobalSection(SolutionProperties) = preSolution
		HideSolutionNode = FALSE
	EndGlobalSection
	GlobalSection(ExtensibilityGlobals) = postSolution
		SolutionGuid = {B29C2163-9E1A-4CFE-9751-E1283905FDEB}
	EndGlobalSection
EndGlobal
